
Microsoft Visual Studio Solution File, Format Version 12.00
# Visual Studio Version 17
VisualStudioVersion = 17.1.32421.90
MinimumVisualStudioVersion = 10.0.40219.1
Project("{FAE04EC0-301F-11D3-BF4B-00C04F79EFBC}") = "webView2 Starter Template", "webView2 Starter Template.csproj", "{C1582636-2AEF-411E-87A7-23EA0DA70085}"
EndProject
Global
	GlobalSection(SolutionConfigurationPlatforms) = preSolution
		Debug|Any CPU = Debug|Any CPU
		Release|Any CPU = Release|Any CPU
	EndGlobalSection
	GlobalSection(ProjectConfigurationPlatforms) = postSolution
		{C1582636-2AEF-411E-87A7-23EA0DA70085}.Debug|Any CPU.ActiveCfg = Debug|Any CPU
		{C1582636-2AEF-411E-87A7-23EA0DA70085}.Debug|Any CPU.Build.0 = Debug|Any CPU
		{C1582636-2AEF-411E-87A7-23EA0DA70085}.Release|Any CPU.ActiveCfg = Release|Any CPU
		{C1582636-2AEF-411E-87A7-23EA0DA70085}.Release|Any CPU.Build.0 = Release|Any CPU
	EndGlobalSection
	GlobalSection(SolutionProperties) = preSolution
		HideSolutionNode = FALSE
	EndGlobalSection
	GlobalSection(ExtensibilityGlobals) = postSolution
		SolutionGuid = {A4F18B54-D86A-47AB-967E-63E9A23691F3}
	EndGlobalSection
EndGlobal
